Microsoft Visual Studio Solution File, Format Version 12.00
# Visual Studio Version 17
VisualStudioVersion = 17.5.2.0
MinimumVisualStudioVersion = 10.0.40219.1
Project("{FAE04EC0-301F-11D3-BF4B-00C04F79EFBC}") = "Bot_Discord_Abaixa", "Bot_Discord_Abaixa.csproj", "{17F9B06A-510F-D46A-A05D-D045A87931EF}"
EndProject
Global
	GlobalSection(SolutionConfigurationPlatforms) = preSolution
		Debug|Any CPU = Debug|Any CPU
		Release|Any CPU = Release|Any CPU
	EndGlobalSection
	GlobalSection(ProjectConfigurationPlatforms) = postSolution
		{17F9B06A-510F-D46A-A05D-D045A87931EF}.Debug|Any CPU.ActiveCfg = Debug|Any CPU
		{17F9B06A-510F-D46A-A05D-D045A87931EF}.Debug|Any CPU.Build.0 = Debug|Any CPU
		{17F9B06A-510F-D46A-A05D-D045A87931EF}.Release|Any CPU.ActiveCfg = Release|Any CPU
		{17F9B06A-510F-D46A-A05D-D045A87931EF}.Release|Any CPU.Build.0 = Release|Any CPU
	EndGlobalSection
	GlobalSection(SolutionProperties) = preSolution
		HideSolutionNode = FALSE
	EndGlobalSection
	GlobalSection(ExtensibilityGlobals) = postSolution
		SolutionGuid = {F905FA60-550B-446E-9D6C-500BD7064ECC}
	EndGlobalSection
EndGlobal
